
Microsoft Visual Studio Solution File, Format Version 12.00
# Visual Studio Version 16
VisualStudioVersion = 16.0.34031.81
MinimumVisualStudioVersion = 10.0.40219.1
Project("{FAE04EC0-301F-11D3-BF4B-00C04F79EFBC}") = "DateTimeAssignment371", "DateTimeAssignment371.csproj", "{3C48535D-AA4F-457A-88B1-28639C5AE39B}"
EndProject
Global
	GlobalSection(SolutionConfigurationPlatforms) = preSolution
		Debug|Any CPU = Debug|Any CPU
		Release|Any CPU = Release|Any CPU
	EndGlobalSection
	GlobalSection(ProjectConfigurationPlatforms) = postSolution
		{3C48535D-AA4F-457A-88B1-28639C5AE39B}.Debug|Any CPU.ActiveCfg = Debug|Any CPU
		{3C48535D-AA4F-457A-88B1-28639C5AE39B}.Debug|Any CPU.Build.0 = Debug|Any CPU
		{3C48535D-AA4F-457A-88B1-28639C5AE39B}.Release|Any CPU.ActiveCfg = Release|Any CPU
		{3C48535D-AA4F-457A-88B1-28639C5AE39B}.Release|Any CPU.Build.0 = Release|Any CPU
	EndGlobalSection
	GlobalSection(SolutionProperties) = preSolution
		HideSolutionNode = FALSE
	EndGlobalSection
	GlobalSection(ExtensibilityGlobals) = postSolution
		SolutionGuid = {7BC524AD-C637-4CF1-B281-FCB97777C5DB}
	EndGlobalSection
EndGlobal
