
Microsoft Visual Studio Solution File, Format Version 12.00
# Visual Studio Version 16
VisualStudioVersion = 16.0.34031.81
MinimumVisualStudioVersion = 10.0.40219.1
Project("{FAE04EC0-301F-11D3-BF4B-00C04F79EFBC}") = "ParsingEnums326", "ParsingEnums326.csproj", "{4ADBC9AB-E63F-4843-A31F-11F509B9681F}"
EndProject
Global
	GlobalSection(SolutionConfigurationPlatforms) = preSolution
		Debug|Any CPU = Debug|Any CPU
		Release|Any CPU = Release|Any CPU
	EndGlobalSection
	GlobalSection(ProjectConfigurationPlatforms) = postSolution
		{4ADBC9AB-E63F-4843-A31F-11F509B9681F}.Debug|Any CPU.ActiveCfg = Debug|Any CPU
		{4ADBC9AB-E63F-4843-A31F-11F509B9681F}.Debug|Any CPU.Build.0 = Debug|Any CPU
		{4ADBC9AB-E63F-4843-A31F-11F509B9681F}.Release|Any CPU.ActiveCfg = Release|Any CPU
		{4ADBC9AB-E63F-4843-A31F-11F509B9681F}.Release|Any CPU.Build.0 = Release|Any CPU
	EndGlobalSection
	GlobalSection(SolutionProperties) = preSolution
		HideSolutionNode = FALSE
	EndGlobalSection
	GlobalSection(ExtensibilityGlobals) = postSolution
		SolutionGuid = {18F9D9BA-C356-42BF-959D-6E0252EE5ED3}
	EndGlobalSection
EndGlobal
