
Microsoft Visual Studio Solution File, Format Version 12.00
# Visual Studio Version 16
VisualStudioVersion = 16.0.34031.81
MinimumVisualStudioVersion = 10.0.40219.1
Project("{FAE04EC0-301F-11D3-BF4B-00C04F79EFBC}") = "TechAcadStudentsMVC", "TechAcadStudentsMVC.csproj", "{16CDE0C6-D0E1-4C9B-B1E6-32EDC8520C93}"
EndProject
Global
	GlobalSection(SolutionConfigurationPlatforms) = preSolution
		Debug|Any CPU = Debug|Any CPU
		Release|Any CPU = Release|Any CPU
	EndGlobalSection
	GlobalSection(ProjectConfigurationPlatforms) = postSolution
		{16CDE0C6-D0E1-4C9B-B1E6-32EDC8520C93}.Debug|Any CPU.ActiveCfg = Debug|Any CPU
		{16CDE0C6-D0E1-4C9B-B1E6-32EDC8520C93}.Debug|Any CPU.Build.0 = Debug|Any CPU
		{16CDE0C6-D0E1-4C9B-B1E6-32EDC8520C93}.Release|Any CPU.ActiveCfg = Release|Any CPU
		{16CDE0C6-D0E1-4C9B-B1E6-32EDC8520C93}.Release|Any CPU.Build.0 = Release|Any CPU
	EndGlobalSection
	GlobalSection(SolutionProperties) = preSolution
		HideSolutionNode = FALSE
	EndGlobalSection
	GlobalSection(ExtensibilityGlobals) = postSolution
		SolutionGuid = {A4FABD56-4F6F-4418-9279-95C0D39CD636}
	EndGlobalSection
EndGlobal
