
Microsoft Visual Studio Solution File, Format Version 12.00
# Visual Studio Version 16
VisualStudioVersion = 16.0.34031.81
MinimumVisualStudioVersion = 10.0.40219.1
Project("{FAE04EC0-301F-11D3-BF4B-00C04F79EFBC}") = "Callange548", "Callange548.csproj", "{94B5AF7D-FD63-44B6-A373-E491DE7753B5}"
EndProject
Global
	GlobalSection(SolutionConfigurationPlatforms) = preSolution
		Debug|Any CPU = Debug|Any CPU
		Release|Any CPU = Release|Any CPU
	EndGlobalSection
	GlobalSection(ProjectConfigurationPlatforms) = postSolution
		{94B5AF7D-FD63-44B6-A373-E491DE7753B5}.Debug|Any CPU.ActiveCfg = Debug|Any CPU
		{94B5AF7D-FD63-44B6-A373-E491DE7753B5}.Debug|Any CPU.Build.0 = Debug|Any CPU
		{94B5AF7D-FD63-44B6-A373-E491DE7753B5}.Release|Any CPU.ActiveCfg = Release|Any CPU
		{94B5AF7D-FD63-44B6-A373-E491DE7753B5}.Release|Any CPU.Build.0 = Release|Any CPU
	EndGlobalSection
	GlobalSection(SolutionProperties) = preSolution
		HideSolutionNode = FALSE
	EndGlobalSection
	GlobalSection(ExtensibilityGlobals) = postSolution
		SolutionGuid = {008ED253-329E-4512-93CC-919015F11D1B}
	EndGlobalSection
EndGlobal
