
Microsoft Visual Studio Solution File, Format Version 12.00
# Visual Studio Version 16
VisualStudioVersion = 16.0.34031.81
MinimumVisualStudioVersion = 10.0.40219.1
Project("{FAE04EC0-301F-11D3-BF4B-00C04F79EFBC}") = "Iteration", "Iteration\Iteration.csproj", "{EAC6751C-6786-4BB5-8C20-729CFD7ED1E0}"
EndProject
Global
	GlobalSection(SolutionConfigurationPlatforms) = preSolution
		Debug|Any CPU = Debug|Any CPU
		Release|Any CPU = Release|Any CPU
	EndGlobalSection
	GlobalSection(ProjectConfigurationPlatforms) = postSolution
		{EAC6751C-6786-4BB5-8C20-729CFD7ED1E0}.Debug|Any CPU.ActiveCfg = Debug|Any CPU
		{EAC6751C-6786-4BB5-8C20-729CFD7ED1E0}.Debug|Any CPU.Build.0 = Debug|Any CPU
		{EAC6751C-6786-4BB5-8C20-729CFD7ED1E0}.Release|Any CPU.ActiveCfg = Release|Any CPU
		{EAC6751C-6786-4BB5-8C20-729CFD7ED1E0}.Release|Any CPU.Build.0 = Release|Any CPU
	EndGlobalSection
	GlobalSection(SolutionProperties) = preSolution
		HideSolutionNode = FALSE
	EndGlobalSection
	GlobalSection(ExtensibilityGlobals) = postSolution
		SolutionGuid = {F2D18E4E-8B35-4C0C-A8C2-36E4D6DA0B96}
	EndGlobalSection
EndGlobal
